// !$*UTF8*$!
{
	archiveVersion = 1;
	classes = {
	};
	objectVersion = 56;
	objects = {

/* Begin PBXBuildFile section */
		2ACE25462A779BE000A0ABB3 /* AppDelegate.swift in Sources */ = {isa = PBXBuildFile; fileRef = 2ACE25452A779BE000A0ABB3 /* AppDelegate.swift */; };
		2ACE25482A779BE000A0ABB3 /* SceneDelegate.swift in Sources */ = {isa = PBXBuildFile; fileRef = 2ACE25472A779BE000A0ABB3 /* SceneDelegate.swift */; };
		2ACE254A2A779BE000A0ABB3 /* ReminderListViewController.swift in Sources */ = {isa = PBXBuildFile; fileRef = 2ACE25492A779BE000A0ABB3 /* ReminderListViewController.swift */; };
		2ACE254D2A779BE000A0ABB3 /* Main.storyboard in Resources */ = {isa = PBXBuildFile; fileRef = 2ACE254B2A779BE000A0ABB3 /* Main.storyboard */; };
		2ACE254F2A779BE200A0ABB3 /* Assets.xcassets in Resources */ = {isa = PBXBuildFile; fileRef = 2ACE254E2A779BE200A0ABB3 /* Assets.xcassets */; };
		2ACE25522A779BE200A0ABB3 /* LaunchScreen.storyboard in Resources */ = {isa = PBXBuildFile; fileRef = 2ACE25502A779BE200A0ABB3 /* LaunchScreen.storyboard */; };
		2ACE255B2A779E2500A0ABB3 /* Reminder.swift in Sources */ = {isa = PBXBuildFile; fileRef = 2ACE255A2A779E2500A0ABB3 /* Reminder.swift */; };
		2ACE255D2A77BDA000A0ABB3 /* Date+Today.swift in Sources */ = {isa = PBXBuildFile; fileRef = 2ACE255C2A77BDA000A0ABB3 /* Date+Today.swift */; };
		2ACE25612A77C6EE00A0ABB3 /* ReminderListViewController+DataSource.swift in Sources */ = {isa = PBXBuildFile; fileRef = 2ACE25602A77C6EE00A0ABB3 /* ReminderListViewController+DataSource.swift */; };
		2ACE25632A77DE3200A0ABB3 /* UIColor+Today.swift in Sources */ = {isa = PBXBuildFile; fileRef = 2ACE25622A77DE3200A0ABB3 /* UIColor+Today.swift */; };
/* End PBXBuildFile section */

/* Begin PBXFileReference section */
		2ACE25422A779BE000A0ABB3 /* Today.app */ = {isa = PBXFileReference; explicitFileType = wrapper.application; includeInIndex = 0; path = Today.app; sourceTree = BUILT_PRODUCTS_DIR; };
		2ACE25452A779BE000A0ABB3 /* AppDelegate.swift */ = {isa = PBXFileReference; lastKnownFileType = sourcecode.swift; path = AppDelegate.swift; sourceTree = "<group>"; };
		2ACE25472A779BE000A0ABB3 /* SceneDelegate.swift */ = {isa = PBXFileReference; lastKnownFileType = sourcecode.swift; path = SceneDelegate.swift; sourceTree = "<group>"; };
		2ACE25492A779BE000A0ABB3 /* ReminderListViewController.swift */ = {isa = PBXFileReference; lastKnownFileType = sourcecode.swift; path = ReminderListViewController.swift; sourceTree = "<group>"; };
		2ACE254C2A779BE000A0ABB3 /* Base */ = {isa = PBXFileReference; lastKnownFileType = file.storyboard; name = Base; path = Base.lproj/Main.storyboard; sourceTree = "<group>"; };
		2ACE254E2A779BE200A0ABB3 /* Assets.xcassets */ = {isa = PBXFileReference; lastKnownFileType = folder.assetcatalog; path = Assets.xcassets; sourceTree = "<group>"; };
		2ACE25512A779BE200A0ABB3 /* Base */ = {isa = PBXFileReference; lastKnownFileType = file.storyboard; name = Base; path = Base.lproj/LaunchScreen.storyboard; sourceTree = "<group>"; };
		2ACE25532A779BE200A0ABB3 /* Info.plist */ = {isa = PBXFileReference; lastKnownFileType = text.plist.xml; path = Info.plist; sourceTree = "<group>"; };
		2ACE255A2A779E2500A0ABB3 /* Reminder.swift */ = {isa = PBXFileReference; lastKnownFileType = sourcecode.swift; path = Reminder.swift; sourceTree = "<group>"; };
		2ACE255C2A77BDA000A0ABB3 /* Date+Today.swift */ = {isa = PBXFileReference; lastKnownFileType = sourcecode.swift; path = "Date+Today.swift"; sourceTree = "<group>"; };
		2ACE25602A77C6EE00A0ABB3 /* ReminderListViewController+DataSource.swift */ = {isa = PBXFileReference; lastKnownFileType = sourcecode.swift; path = "ReminderListViewController+DataSource.swift"; sourceTree = "<group>"; };
		2ACE25622A77DE3200A0ABB3 /* UIColor+Today.swift */ = {isa = PBXFileReference; fileEncoding = 4; lastKnownFileType = sourcecode.swift; path = "UIColor+Today.swift"; sourceTree = "<group>"; };
/* End PBXFileReference section */

/* Begin PBXFrameworksBuildPhase section */
		2ACE253F2A779BE000A0ABB3 /* Frameworks */ = {
			isa = PBXFrameworksBuildPhase;
			buildActionMask = 2147483647;
			files = (
			);
			runOnlyForDeploymentPostprocessing = 0;
		};
/* End PBXFrameworksBuildPhase section */

/* Begin PBXGroup section */
		2ACE25392A779BE000A0ABB3 = {
			isa = PBXGroup;
			children = (
				2ACE25442A779BE000A0ABB3 /* Today */,
				2ACE25432A779BE000A0ABB3 /* Products */,
			);
			sourceTree = "<group>";
		};
		2ACE25432A779BE000A0ABB3 /* Products */ = {
			isa = PBXGroup;
			children = (
				2ACE25422A779BE000A0ABB3 /* Today.app */,
			);
			name = Products;
			sourceTree = "<group>";
		};
		2ACE25442A779BE000A0ABB3 /* Today */ = {
			isa = PBXGroup;
			children = (
				2ACE25592A779E0800A0ABB3 /* Models */,
				2ACE25452A779BE000A0ABB3 /* AppDelegate.swift */,
				2ACE25472A779BE000A0ABB3 /* SceneDelegate.swift */,
				2ACE255F2A77C6CA00A0ABB3 /* ListViewController */,
				2ACE254B2A779BE000A0ABB3 /* Main.storyboard */,
				2ACE254E2A779BE200A0ABB3 /* Assets.xcassets */,
				2ACE25502A779BE200A0ABB3 /* LaunchScreen.storyboard */,
				2ACE25532A779BE200A0ABB3 /* Info.plist */,
			);
			path = Today;
			sourceTree = "<group>";
		};
		2ACE25592A779E0800A0ABB3 /* Models */ = {
			isa = PBXGroup;
			children = (
				2ACE255A2A779E2500A0ABB3 /* Reminder.swift */,
				2ACE255C2A77BDA000A0ABB3 /* Date+Today.swift */,
				2ACE25622A77DE3200A0ABB3 /* UIColor+Today.swift */,
			);
			path = Models;
			sourceTree = "<group>";
		};
		2ACE255F2A77C6CA00A0ABB3 /* ListViewController */ = {
			isa = PBXGroup;
			children = (
				2ACE25492A779BE000A0ABB3 /* ReminderListViewController.swift */,
				2ACE25602A77C6EE00A0ABB3 /* ReminderListViewController+DataSource.swift */,
			);
			path = ListViewController;
			sourceTree = "<group>";
		};
/* End PBXGroup section */

/* Begin PBXNativeTarget section */
		2ACE25412A779BE000A0ABB3 /* Today */ = {
			isa = PBXNativeTarget;
			buildConfigurationList = 2ACE25562A779BE200A0ABB3 /* Build configuration list for PBXNativeTarget "Today" */;
			buildPhases = (
				2ACE253E2A779BE000A0ABB3 /* Sources */,
				2ACE253F2A779BE000A0ABB3 /* Frameworks */,
				2ACE25402A779BE000A0ABB3 /* Resources */,
			);
			buildRules = (
			);
			dependencies = (
			);
			name = Today;
			productName = Today;
			productReference = 2ACE25422A779BE000A0ABB3 /* Today.app */;
			productType = "com.apple.product-type.application";
		};
/* End PBXNativeTarget section */

/* Begin PBXProject section */
		2ACE253A2A779BE000A0ABB3 /* Project object */ = {
			isa = PBXProject;
			attributes = {
				BuildIndependentTargetsInParallel = 1;
				LastSwiftUpdateCheck = 1430;
				LastUpgradeCheck = 1430;
				TargetAttributes = {
					2ACE25412A779BE000A0ABB3 = {
						CreatedOnToolsVersion = 14.3.1;
					};
				};
			};
			buildConfigurationList = 2ACE253D2A779BE000A0ABB3 /* Build configuration list for PBXProject "Today" */;
			compatibilityVersion = "Xcode 14.0";
			developmentRegion = en;
			hasScannedForEncodings = 0;
			knownRegions = (
				en,
				Base,
			);
			mainGroup = 2ACE25392A779BE000A0ABB3;
			productRefGroup = 2ACE25432A779BE000A0ABB3 /* Products */;
			projectDirPath = "";
			projectRoot = "";
			targets = (
				2ACE25412A779BE000A0ABB3 /* Today */,
			);
		};
/* End PBXProject section */

/* Begin PBXResourcesBuildPhase section */
		2ACE25402A779BE000A0ABB3 /* Resources */ = {
			isa = PBXResourcesBuildPhase;
			buildActionMask = 2147483647;
			files = (
				2ACE25522A779BE200A0ABB3 /* LaunchScreen.storyboard in Resources */,
				2ACE254F2A779BE200A0ABB3 /* Assets.xcassets in Resources */,
				2ACE254D2A779BE000A0ABB3 /* Main.storyboard in Resources */,
			);
			runOnlyForDeploymentPostprocessing = 0;
		};
/* End PBXResourcesBuildPhase section */

/* Begin PBXSourcesBuildPhase section */
		2ACE253E2A779BE000A0ABB3 /* Sources */ = {
			isa = PBXSourcesBuildPhase;
			buildActionMask = 2147483647;
			files = (
				2ACE25632A77DE3200A0ABB3 /* UIColor+Today.swift in Sources */,
				2ACE25612A77C6EE00A0ABB3 /* ReminderListViewController+DataSource.swift in Sources */,
				2ACE254A2A779BE000A0ABB3 /* ReminderListViewController.swift in Sources */,
				2ACE255D2A77BDA000A0ABB3 /* Date+Today.swift in Sources */,
				2ACE25462A779BE000A0ABB3 /* AppDelegate.swift in Sources */,
				2ACE25482A779BE000A0ABB3 /* SceneDelegate.swift in Sources */,
				2ACE255B2A779E2500A0ABB3 /* Reminder.swift in Sources */,
			);
			runOnlyForDeploymentPostprocessing = 0;
		};
/* End PBXSourcesBuildPhase section */

/* Begin PBXVariantGroup section */
		2ACE254B2A779BE000A0ABB3 /* Main.storyboard */ = {
			isa = PBXVariantGroup;
			children = (
				2ACE254C2A779BE000A0ABB3 /* Base */,
			);
			name = Main.storyboard;
			sourceTree = "<group>";
		};
		2ACE25502A779BE200A0ABB3 /* LaunchScreen.storyboard */ = {
			isa = PBXVariantGroup;
			children = (
				2ACE25512A779BE200A0ABB3 /* Base */,
			);
			name = LaunchScreen.storyboard;
			sourceTree = "<group>";
		};
/* End PBXVariantGroup section */

/* Begin XCBuildConfiguration section */
		2ACE25542A779BE200A0ABB3 /* Debug */ = {
			isa = XCBuildConfiguration;
			buildSettings = {
				ALWAYS_SEARCH_USER_PATHS = NO;
				CLANG_ANALYZER_NONNULL = YES;
				CLANG_ANALYZER_NUMBER_OBJECT_CONVERSION = YES_AGGRESSIVE;
				CLANG_CXX_LANGUAGE_STANDARD = "gnu++20";
				CLANG_ENABLE_MODULES = YES;
				CLANG_ENABLE_OBJC_ARC = YES;
				CLANG_ENABLE_OBJC_WEAK = YES;
				CLANG_WARN_BLOCK_CAPTURE_AUTORELEASING = YES;
				CLANG_WARN_BOOL_CONVERSION = YES;
				CLANG_WARN_COMMA = YES;
				CLANG_WARN_CONSTANT_CONVERSION = YES;
				CLANG_WARN_DEPRECATED_OBJC_IMPLEMENTATIONS = YES;
				CLANG_WARN_DIRECT_OBJC_ISA_USAGE = YES_ERROR;
				CLANG_WARN_DOCUMENTATION_COMMENTS = YES;
				CLANG_WARN_EMPTY_BODY = YES;
				CLANG_WARN_ENUM_CONVERSION = YES;
				CLANG_WARN_INFINITE_RECURSION = YES;
				CLANG_WARN_INT_CONVERSION = YES;
				CLANG_WARN_NON_LITERAL_NULL_CONVERSION = YES;
				CLANG_WARN_OBJC_IMPLICIT_RETAIN_SELF = YES;
				CLANG_WARN_OBJC_LITERAL_CONVERSION = YES;
				CLANG_WARN_OBJC_ROOT_CLASS = YES_ERROR;
				CLANG_WARN_QUOTED_INCLUDE_IN_FRAMEWORK_HEADER = YES;
				CLANG_WARN_RANGE_LOOP_ANALYSIS = YES;
				CLANG_WARN_STRICT_PROTOTYPES = YES;
				CLANG_WARN_SUSPICIOUS_MOVE = YES;
				CLANG_WARN_UNGUARDED_AVAILABILITY = YES_AGGRESSIVE;
				CLANG_WARN_UNREACHABLE_CODE = YES;
				CLANG_WARN__DUPLICATE_METHOD_MATCH = YES;
				COPY_PHASE_STRIP = NO;
				DEBUG_INFORMATION_FORMAT = dwarf;
				ENABLE_STRICT_OBJC_MSGSEND = YES;
				ENABLE_TESTABILITY = YES;
				GCC_C_LANGUAGE_STANDARD = gnu11;
				GCC_DYNAMIC_NO_PIC = NO;
				GCC_NO_COMMON_BLOCKS = YES;
				GCC_OPTIMIZATION_LEVEL = 0;
				GCC_PREPROCESSOR_DEFINITIONS = (
					"DEBUG=1",
					"$(inherited)",
				);
				GCC_WARN_64_TO_32_BIT_CONVERSION = YES;
				GCC_WARN_ABOUT_RETURN_TYPE = YES_ERROR;
				GCC_WARN_UNDECLARED_SELECTOR = YES;
				GCC_WARN_UNINITIALIZED_AUTOS = YES_AGGRESSIVE;
				GCC_WARN_UNUSED_FUNCTION = YES;
				GCC_WARN_UNUSED_VARIABLE = YES;
				IPHONEOS_DEPLOYMENT_TARGET = 16.4;
				MTL_ENABLE_DEBUG_INFO = INCLUDE_SOURCE;
				MTL_FAST_MATH = YES;
				ONLY_ACTIVE_ARCH = YES;
				SDKROOT = iphoneos;
				SWIFT_ACTIVE_COMPILATION_CONDITIONS = DEBUG;
				SWIFT_OPTIMIZATION_LEVEL = "-Onone";
			};
			name = Debug;
		};
		2ACE25552A779BE200A0ABB3 /* Release */ = {
			isa = XCBuildConfiguration;
			buildSettings = {
				ALWAYS_SEARCH_USER_PATHS = NO;
				CLANG_ANALYZER_NONNULL = YES;
				CLANG_ANALYZER_NUMBER_OBJECT_CONVERSION = YES_AGGRESSIVE;
				CLANG_CXX_LANGUAGE_STANDARD = "gnu++20";
				CLANG_ENABLE_MODULES = YES;
				CLANG_ENABLE_OBJC_ARC = YES;
				CLANG_ENABLE_OBJC_WEAK = YES;
				CLANG_WARN_BLOCK_CAPTURE_AUTORELEASING = YES;
				CLANG_WARN_BOOL_CONVERSION = YES;
				CLANG_WARN_COMMA = YES;
				CLANG_WARN_CONSTANT_CONVERSION = YES;
				CLANG_WARN_DEPRECATED_OBJC_IMPLEMENTATIONS = YES;
				CLANG_WARN_DIRECT_OBJC_ISA_USAGE = YES_ERROR;
				CLANG_WARN_DOCUMENTATION_COMMENTS = YES;
				CLANG_WARN_EMPTY_BODY = YES;
				CLANG_WARN_ENUM_CONVERSION = YES;
				CLANG_WARN_INFINITE_RECURSION = YES;
				CLANG_WARN_INT_CONVERSION = YES;
				CLANG_WARN_NON_LITERAL_NULL_CONVERSION = YES;
				CLANG_WARN_OBJC_IMPLICIT_RETAIN_SELF = YES;
				CLANG_WARN_OBJC_LITERAL_CONVERSION = YES;
				CLANG_WARN_OBJC_ROOT_CLASS = YES_ERROR;
				CLANG_WARN_QUOTED_INCLUDE_IN_FRAMEWORK_HEADER = YES;
				CLANG_WARN_RANGE_LOOP_ANALYSIS = YES;
				CLANG_WARN_STRICT_PROTOTYPES = YES;
				CLANG_WARN_SUSPICIOUS_MOVE = YES;
				CLANG_WARN_UNGUARDED_AVAILABILITY = YES_AGGRESSIVE;
				CLANG_WARN_UNREACHABLE_CODE = YES;
				CLANG_WARN__DUPLICATE_METHOD_MATCH = YES;
				COPY_PHASE_STRIP = NO;
				DEBUG_INFORMATION_FORMAT = "dwarf-with-dsym";
				ENABLE_NS_ASSERTIONS = NO;
				ENABLE_STRICT_OBJC_MSGSEND = YES;
				GCC_C_LANGUAGE_STANDARD = gnu11;
				GCC_NO_COMMON_BLOCKS = YES;
				GCC_WARN_64_TO_32_BIT_CONVERSION = YES;
				GCC_WARN_ABOUT_RETURN_TYPE = YES_ERROR;
				GCC_WARN_UNDECLARED_SELECTOR = YES;
				GCC_WARN_UNINITIALIZED_AUTOS = YES_AGGRESSIVE;
				GCC_WARN_UNUSED_FUNCTION = YES;
				GCC_WARN_UNUSED_VARIABLE = YES;
				IPHONEOS_DEPLOYMENT_TARGET = 16.4;
				MTL_ENABLE_DEBUG_INFO = NO;
				MTL_FAST_MATH = YES;
				SDKROOT = iphoneos;
				SWIFT_COMPILATION_MODE = wholemodule;
				SWIFT_OPTIMIZATION_LEVEL = "-O";
				VALIDATE_PRODUCT = YES;
			};
			name = Release;
		};
		2ACE25572A779BE200A0ABB3 /* Debug */ = {
			isa = XCBuildConfiguration;
			buildSettings = {
				ASSETCATALOG_COMPILER_APPICON_NAME = AppIcon;
				ASSETCATALOG_COMPILER_GLOBAL_ACCENT_COLOR_NAME = AccentColor;
				CODE_SIGN_STYLE = Automatic;
				CURRENT_PROJECT_VERSION = 1;
				DEVELOPMENT_TEAM = H94WDCFCK6;
				GENERATE_INFOPLIST_FILE = YES;
				INFOPLIST_FILE = Today/Info.plist;
				INFOPLIST_KEY_UIApplicationSupportsIndirectInputEvents = YES;
				INFOPLIST_KEY_UILaunchStoryboardName = LaunchScreen;
				INFOPLIST_KEY_UIMainStoryboardFile = Main;
				INFOPLIST_KEY_UISupportedInterfaceOrientations_iPad = "UIInterfaceOrientationPortrait UIInterfaceOrientationPortraitUpsideDown UIInterfaceOrientationLandscapeLeft UIInterfaceOrientationLandscapeRight";
				INFOPLIST_KEY_UISupportedInterfaceOrientations_iPhone = "UIInterfaceOrientationPortrait UIInterfaceOrientationLandscapeLeft UIInterfaceOrientationLandscapeRight";
				LD_RUNPATH_SEARCH_PATHS = (
					"$(inherited)",
					"@executable_path/Frameworks",
				);
				MARKETING_VERSION = 1.0;
				PRODUCT_BUNDLE_IDENTIFIER = com.alekseev.oleg.Today;
				PRODUCT_NAME = "$(TARGET_NAME)";
				SWIFT_EMIT_LOC_STRINGS = YES;
				SWIFT_VERSION = 5.0;
				TARGETED_DEVICE_FAMILY = "1,2";
			};
			name = Debug;
		};
		2ACE25582A779BE200A0ABB3 /* Release */ = {
			isa = XCBuildConfiguration;
			buildSettings = {
				ASSETCATALOG_COMPILER_APPICON_NAME = AppIcon;
				ASSETCATALOG_COMPILER_GLOBAL_ACCENT_COLOR_NAME = AccentColor;
				CODE_SIGN_STYLE = Automatic;
				CURRENT_PROJECT_VERSION = 1;
				DEVELOPMENT_TEAM = H94WDCFCK6;
				GENERATE_INFOPLIST_FILE = YES;
				INFOPLIST_FILE = Today/Info.plist;
				INFOPLIST_KEY_UIApplicationSupportsIndirectInputEvents = YES;
				INFOPLIST_KEY_UILaunchStoryboardName = LaunchScreen;
				INFOPLIST_KEY_UIMainStoryboardFile = Main;
				INFOPLIST_KEY_UISupportedInterfaceOrientations_iPad = "UIInterfaceOrientationPortrait UIInterfaceOrientationPortraitUpsideDown UIInterfaceOrientationLandscapeLeft UIInterfaceOrientationLandscapeRight";
				INFOPLIST_KEY_UISupportedInterfaceOrientations_iPhone = "UIInterfaceOrientationPortrait UIInterfaceOrientationLandscapeLeft UIInterfaceOrientationLandscapeRight";
				LD_RUNPATH_SEARCH_PATHS = (
					"$(inherited)",
					"@executable_path/Frameworks",
				);
				MARKETING_VERSION = 1.0;
				PRODUCT_BUNDLE_IDENTIFIER = com.alekseev.oleg.Today;
				PRODUCT_NAME = "$(TARGET_NAME)";
				SWIFT_EMIT_LOC_STRINGS = YES;
				SWIFT_VERSION = 5.0;
				TARGETED_DEVICE_FAMILY = "1,2";
			};
			name = Release;
		};
/* End XCBuildConfiguration section */

/* Begin XCConfigurationList section */
		2ACE253D2A779BE000A0ABB3 /* Build configuration list for PBXProject "Today" */ = {
			isa = XCConfigurationList;
			buildConfigurations = (
				2ACE25542A779BE200A0ABB3 /* Debug */,
				2ACE25552A779BE200A0ABB3 /* Release */,
			);
			defaultConfigurationIsVisible = 0;
			defaultConfigurationName = Release;
		};
		2ACE25562A779BE200A0ABB3 /* Build configuration list for PBXNativeTarget "Today" */ = {
			isa = XCConfigurationList;
			buildConfigurations = (
				2ACE25572A779BE200A0ABB3 /* Debug */,
				2ACE25582A779BE200A0ABB3 /* Release */,
			);
			defaultConfigurationIsVisible = 0;
			defaultConfigurationName = Release;
		};
/* End XCConfigurationList section */
	};
	rootObject = 2ACE253A2A779BE000A0ABB3 /* Project object */;
}
